// !$*UTF8*$!
{
	archiveVersion = 1;
	classes = {
	};
	objectVersion = 46;
	objects = {

/* Begin PBXBuildFile section */
		F2BA2EF31CF6509F00FA4AF1 /* AppDelegate.swift in Sources */ = {isa = PBXBuildFile; fileRef = F2BA2EF21CF6509F00FA4AF1 /* AppDelegate.swift */; };
		F2BA2EF51CF6509F00FA4AF1 /* ViewController.swift in Sources */ = {isa = PBXBuildFile; fileRef = F2BA2EF41CF6509F00FA4AF1 /* ViewController.swift */; };
		F2BA2EF81CF6509F00FA4AF1 /* Main.storyboard in Resources */ = {isa = PBXBuildFile; fileRef = F2BA2EF61CF6509F00FA4AF1 /* Main.storyboard */; };
		F2BA2EFA1CF650A000FA4AF1 /* Assets.xcassets in Resources */ = {isa = PBXBuildFile; fileRef = F2BA2EF91CF650A000FA4AF1 /* Assets.xcassets */; };
		F2BA2EFD1CF650A000FA4AF1 /* LaunchScreen.storyboard in Resources */ = {isa = PBXBuildFile; fileRef = F2BA2EFB1CF650A000FA4AF1 /* LaunchScreen.storyboard */; };
/* End PBXBuildFile section */

/* Begin PBXFileReference section */
		F2BA2EEF1CF6509F00FA4AF1 /* Homepwner.app */ = {isa = PBXFileReference; explicitFileType = wrapper.application; includeInIndex = 0; path = Homepwner.app; sourceTree = BUILT_PRODUCTS_DIR; };
		F2BA2EF21CF6509F00FA4AF1 /* AppDelegate.swift */ = {isa = PBXFileReference; lastKnownFileType = sourcecode.swift; path = AppDelegate.swift; sourceTree = "<group>"; };
		F2BA2EF41CF6509F00FA4AF1 /* ViewController.swift */ = {isa = PBXFileReference; lastKnownFileType = sourcecode.swift; path = ViewController.swift; sourceTree = "<group>"; };
		F2BA2EF71CF6509F00FA4AF1 /* Base */ = {isa = PBXFileReference; lastKnownFileType = file.storyboard; name = Base; path = Base.lproj/Main.storyboard; sourceTree = "<group>"; };
		F2BA2EF91CF650A000FA4AF1 /* Assets.xcassets */ = {isa = PBXFileReference; lastKnownFileType = folder.assetcatalog; path = Assets.xcassets; sourceTree = "<group>"; };
		F2BA2EFC1CF650A000FA4AF1 /* Base */ = {isa = PBXFileReference; lastKnownFileType = file.storyboard; name = Base; path = Base.lproj/LaunchScreen.storyboard; sourceTree = "<group>"; };
		F2BA2EFE1CF650A000FA4AF1 /* Info.plist */ = {isa = PBXFileReference; lastKnownFileType = text.plist.xml; path = Info.plist; sourceTree = "<group>"; };
/* End PBXFileReference section */

/* Begin PBXFrameworksBuildPhase section */
		F2BA2EEC1CF6509F00FA4AF1 /* Frameworks */ = {
			isa = PBXFrameworksBuildPhase;
			buildActionMask = 2147483647;
			files = (
			);
			runOnlyForDeploymentPostprocessing = 0;
		};
/* End PBXFrameworksBuildPhase section */

/* Begin PBXGroup section */
		F2BA2EE61CF6509F00FA4AF1 = {
			isa = PBXGroup;
			children = (
				F2BA2EF11CF6509F00FA4AF1 /* Homepwner */,
				F2BA2EF01CF6509F00FA4AF1 /* Products */,
			);
			sourceTree = "<group>";
		};
		F2BA2EF01CF6509F00FA4AF1 /* Products */ = {
			isa = PBXGroup;
			children = (
				F2BA2EEF1CF6509F00FA4AF1 /* Homepwner.app */,
			);
			name = Products;
			sourceTree = "<group>";
		};
		F2BA2EF11CF6509F00FA4AF1 /* Homepwner */ = {
			isa = PBXGroup;
			children = (
				F2BA2EF21CF6509F00FA4AF1 /* AppDelegate.swift */,
				F2BA2EF41CF6509F00FA4AF1 /* ViewController.swift */,
				F2BA2EF61CF6509F00FA4AF1 /* Main.storyboard */,
				F2BA2EF91CF650A000FA4AF1 /* Assets.xcassets */,
				F2BA2EFB1CF650A000FA4AF1 /* LaunchScreen.storyboard */,
				F2BA2EFE1CF650A000FA4AF1 /* Info.plist */,
			);
			path = Homepwner;
			sourceTree = "<group>";
		};
/* End PBXGroup section */

/* Begin PBXNativeTarget section */
		F2BA2EEE1CF6509F00FA4AF1 /* Homepwner */ = {
			isa = PBXNativeTarget;
			buildConfigurationList = F2BA2F011CF650A000FA4AF1 /* Build configuration list for PBXNativeTarget "Homepwner" */;
			buildPhases = (
				F2BA2EEB1CF6509F00FA4AF1 /* Sources */,
				F2BA2EEC1CF6509F00FA4AF1 /* Frameworks */,
				F2BA2EED1CF6509F00FA4AF1 /* Resources */,
			);
			buildRules = (
			);
			dependencies = (
			);
			name = Homepwner;
			productName = Homepwner;
			productReference = F2BA2EEF1CF6509F00FA4AF1 /* Homepwner.app */;
			productType = "com.apple.product-type.application";
		};
/* End PBXNativeTarget section */

/* Begin PBXProject section */
		F2BA2EE71CF6509F00FA4AF1 /* Project object */ = {
			isa = PBXProject;
			attributes = {
				LastUpgradeCheck = 0700;
				ORGANIZATIONNAME = "Shehab Saqib";
				TargetAttributes = {
					F2BA2EEE1CF6509F00FA4AF1 = {
						CreatedOnToolsVersion = 7.0.1;
					};
				};
			};
			buildConfigurationList = F2BA2EEA1CF6509F00FA4AF1 /* Build configuration list for PBXProject "Homepwner" */;
			compatibilityVersion = "Xcode 3.2";
			developmentRegion = English;
			hasScannedForEncodings = 0;
			knownRegions = (
				en,
				Base,
			);
			mainGroup = F2BA2EE61CF6509F00FA4AF1;
			productRefGroup = F2BA2EF01CF6509F00FA4AF1 /* Products */;
			projectDirPath = "";
			projectRoot = "";
			targets = (
				F2BA2EEE1CF6509F00FA4AF1 /* Homepwner */,
			);
		};
/* End PBXProject section */

/* Begin PBXResourcesBuildPhase section */
		F2BA2EED1CF6509F00FA4AF1 /* Resources */ = {
			isa = PBXResourcesBuildPhase;
			buildActionMask = 2147483647;
			files = (
				F2BA2EFD1CF650A000FA4AF1 /* LaunchScreen.storyboard in Resources */,
				F2BA2EFA1CF650A000FA4AF1 /* Assets.xcassets in Resources */,
				F2BA2EF81CF6509F00FA4AF1 /* Main.storyboard in Resources */,
			);
			runOnlyForDeploymentPostprocessing = 0;
		};
/* End PBXResourcesBuildPhase section */

/* Begin PBXSourcesBuildPhase section */
		F2BA2EEB1CF6509F00FA4AF1 /* Sources */ = {
			isa = PBXSourcesBuildPhase;
			buildActionMask = 2147483647;
			files = (
				F2BA2EF51CF6509F00FA4AF1 /* ViewController.swift in Sources */,
				F2BA2EF31CF6509F00FA4AF1 /* AppDelegate.swift in Sources */,
			);
			runOnlyForDeploymentPostprocessing = 0;
		};
/* End PBXSourcesBuildPhase section */

/* Begin PBXVariantGroup section */
		F2BA2EF61CF6509F00FA4AF1 /* Main.storyboard */ = {
			isa = PBXVariantGroup;
			children = (
				F2BA2EF71CF6509F00FA4AF1 /* Base */,
			);
			name = Main.storyboard;
			sourceTree = "<group>";
		};
		F2BA2EFB1CF650A000FA4AF1 /* LaunchScreen.storyboard */ = {
			isa = PBXVariantGroup;
			children = (
				F2BA2EFC1CF650A000FA4AF1 /* Base */,
			);
			name = LaunchScreen.storyboard;
			sourceTree = "<group>";
		};
/* End PBXVariantGroup section */

/* Begin XCBuildConfiguration section */
		F2BA2EFF1CF650A000FA4AF1 /* Debug */ = {
			isa = XCBuildConfiguration;
			buildSettings = {
				ALWAYS_SEARCH_USER_PATHS = NO;
				CLANG_CXX_LANGUAGE_STANDARD = "gnu++0x";
				CLANG_CXX_LIBRARY = "libc++";
				CLANG_ENABLE_MODULES = YES;
				CLANG_ENABLE_OBJC_ARC = YES;
				CLANG_WARN_BOOL_CONVERSION = YES;
				CLANG_WARN_CONSTANT_CONVERSION = YES;
				CLANG_WARN_DIRECT_OBJC_ISA_USAGE = YES_ERROR;
				CLANG_WARN_EMPTY_BODY = YES;
				CLANG_WARN_ENUM_CONVERSION = YES;
				CLANG_WARN_INT_CONVERSION = YES;
				CLANG_WARN_OBJC_ROOT_CLASS = YES_ERROR;
				CLANG_WARN_UNREACHABLE_CODE = YES;
				CLANG_WARN__DUPLICATE_METHOD_MATCH = YES;
				"CODE_SIGN_IDENTITY[sdk=iphoneos*]" = "iPhone Developer";
				COPY_PHASE_STRIP = NO;
				DEBUG_INFORMATION_FORMAT = dwarf;
				ENABLE_STRICT_OBJC_MSGSEND = YES;
				ENABLE_TESTABILITY = YES;
				GCC_C_LANGUAGE_STANDARD = gnu99;
				GCC_DYNAMIC_NO_PIC = NO;
				GCC_NO_COMMON_BLOCKS = YES;
				GCC_OPTIMIZATION_LEVEL = 0;
				GCC_PREPROCESSOR_DEFINITIONS = (
					"DEBUG=1",
					"$(inherited)",
				);
				GCC_WARN_64_TO_32_BIT_CONVERSION = YES;
				GCC_WARN_ABOUT_RETURN_TYPE = YES_ERROR;
				GCC_WARN_UNDECLARED_SELECTOR = YES;
				GCC_WARN_UNINITIALIZED_AUTOS = YES_AGGRESSIVE;
				GCC_WARN_UNUSED_FUNCTION = YES;
				GCC_WARN_UNUSED_VARIABLE = YES;
				IPHONEOS_DEPLOYMENT_TARGET = 9.0;
				MTL_ENABLE_DEBUG_INFO = YES;
				ONLY_ACTIVE_ARCH = YES;
				SDKROOT = iphoneos;
				SWIFT_OPTIMIZATION_LEVEL = "-Onone";
			};
			name = Debug;
		};
		F2BA2F001CF650A000FA4AF1 /* Release */ = {
			isa = XCBuildConfiguration;
			buildSettings = {
				ALWAYS_SEARCH_USER_PATHS = NO;
				CLANG_CXX_LANGUAGE_STANDARD = "gnu++0x";
				CLANG_CXX_LIBRARY = "libc++";
				CLANG_ENABLE_MODULES = YES;
				CLANG_ENABLE_OBJC_ARC = YES;
				CLANG_WARN_BOOL_CONVERSION = YES;
				CLANG_WARN_CONSTANT_CONVERSION = YES;
				CLANG_WARN_DIRECT_OBJC_ISA_USAGE = YES_ERROR;
				CLANG_WARN_EMPTY_BODY = YES;
				CLANG_WARN_ENUM_CONVERSION = YES;
				CLANG_WARN_INT_CONVERSION = YES;
				CLANG_WARN_OBJC_ROOT_CLASS = YES_ERROR;
				CLANG_WARN_UNREACHABLE_CODE = YES;
				CLANG_WARN__DUPLICATE_METHOD_MATCH = YES;
				"CODE_SIGN_IDENTITY[sdk=iphoneos*]" = "iPhone Developer";
				COPY_PHASE_STRIP = NO;
				DEBUG_INFORMATION_FORMAT = "dwarf-with-dsym";
				ENABLE_NS_ASSERTIONS = NO;
				ENABLE_STRICT_OBJC_MSGSEND = YES;
				GCC_C_LANGUAGE_STANDARD = gnu99;
				GCC_NO_COMMON_BLOCKS = YES;
				GCC_WARN_64_TO_32_BIT_CONVERSION = YES;
				GCC_WARN_ABOUT_RETURN_TYPE = YES_ERROR;
				GCC_WARN_UNDECLARED_SELECTOR = YES;
				GCC_WARN_UNINITIALIZED_AUTOS = YES_AGGRESSIVE;
				GCC_WARN_UNUSED_FUNCTION = YES;
				GCC_WARN_UNUSED_VARIABLE = YES;
				IPHONEOS_DEPLOYMENT_TARGET = 9.0;
				MTL_ENABLE_DEBUG_INFO = NO;
				SDKROOT = iphoneos;
				VALIDATE_PRODUCT = YES;
			};
			name = Release;
		};
		F2BA2F021CF650A000FA4AF1 /* Debug */ = {
			isa = XCBuildConfiguration;
			buildSettings = {
				ASSETCATALOG_COMPILER_APPICON_NAME = AppIcon;
				INFOPLIST_FILE = Homepwner/Info.plist;
				LD_RUNPATH_SEARCH_PATHS = "$(inherited) @executable_path/Frameworks";
				PRODUCT_BUNDLE_IDENTIFIER = co.PiVI.Homepwner;
				PRODUCT_NAME = "$(TARGET_NAME)";
			};
			name = Debug;
		};
		F2BA2F031CF650A000FA4AF1 /* Release */ = {
			isa = XCBuildConfiguration;
			buildSettings = {
				ASSETCATALOG_COMPILER_APPICON_NAME = AppIcon;
				INFOPLIST_FILE = Homepwner/Info.plist;
				LD_RUNPATH_SEARCH_PATHS = "$(inherited) @executable_path/Frameworks";
				PRODUCT_BUNDLE_IDENTIFIER = co.PiVI.Homepwner;
				PRODUCT_NAME = "$(TARGET_NAME)";
			};
			name = Release;
		};
/* End XCBuildConfiguration section */

/* Begin XCConfigurationList section */
		F2BA2EEA1CF6509F00FA4AF1 /* Build configuration list for PBXProject "Homepwner" */ = {
			isa = XCConfigurationList;
			buildConfigurations = (
				F2BA2EFF1CF650A000FA4AF1 /* Debug */,
				F2BA2F001CF650A000FA4AF1 /* Release */,
			);
			defaultConfigurationIsVisible = 0;
			defaultConfigurationName = Release;
		};
		F2BA2F011CF650A000FA4AF1 /* Build configuration list for PBXNativeTarget "Homepwner" */ = {
			isa = XCConfigurationList;
			buildConfigurations = (
				F2BA2F021CF650A000FA4AF1 /* Debug */,
				F2BA2F031CF650A000FA4AF1 /* Release */,
			);
			defaultConfigurationIsVisible = 0;
		};
/* End XCConfigurationList section */
	};
	rootObject = F2BA2EE71CF6509F00FA4AF1 /* Project object */;
}
